
Microsoft Visual Studio Solution File, Format Version 12.00
# Visual Studio 15
VisualStudioVersion = 15.0.28307.136
MinimumVisualStudioVersion = 10.0.40219.1
Project("{FAE04EC0-301F-11D3-BF4B-00C04F79EFBC}") = "ImageShuffle", "ImageShuffle\ImageShuffle.csproj", "{C5BA320B-A3ED-429C-B438-41DD54A0084F}"
EndProject
Global
	GlobalSection(SolutionConfigurationPlatforms) = preSolution
		Debug|Any CPU = Debug|Any CPU
		Release|Any CPU = Release|Any CPU
	EndGlobalSection
	GlobalSection(ProjectConfigurationPlatforms) = postSolution
		{C5BA320B-A3ED-429C-B438-41DD54A0084F}.Debug|Any CPU.ActiveCfg = Debug|Any CPU
		{C5BA320B-A3ED-429C-B438-41DD54A0084F}.Debug|Any CPU.Build.0 = Debug|Any CPU
		{C5BA320B-A3ED-429C-B438-41DD54A0084F}.Release|Any CPU.ActiveCfg = Release|Any CPU
		{C5BA320B-A3ED-429C-B438-41DD54A0084F}.Release|Any CPU.Build.0 = Release|Any CPU
	EndGlobalSection
	GlobalSection(SolutionProperties) = preSolution
		HideSolutionNode = FALSE
	EndGlobalSection
	GlobalSection(ExtensibilityGlobals) = postSolution
		SolutionGuid = {816976FB-C75A-48E4-8D53-A3CC3674FA79}
	EndGlobalSection
EndGlobal
